
Microsoft Visual Studio Solution File, Format Version 12.00
# Visual Studio Version 17
VisualStudioVersion = 17.6.33815.320
MinimumVisualStudioVersion = 10.0.40219.1
Project("{FAE04EC0-301F-11D3-BF4B-00C04F79EFBC}") = "MySharedLibrary", "MySharedLibrary\MySharedLibrary.csproj", "{AB8D6C07-EE7D-44E3-A1B2-33FB24E0FE45}"
EndProject
Global
	GlobalSection(SolutionConfigurationPlatforms) = preSolution
		Debug|Any CPU = Debug|Any CPU
		Release|Any CPU = Release|Any CPU
	EndGlobalSection
	GlobalSection(ProjectConfigurationPlatforms) = postSolution
		{AB8D6C07-EE7D-44E3-A1B2-33FB24E0FE45}.Debug|Any CPU.ActiveCfg = Debug|Any CPU
		{AB8D6C07-EE7D-44E3-A1B2-33FB24E0FE45}.Debug|Any CPU.Build.0 = Debug|Any CPU
		{AB8D6C07-EE7D-44E3-A1B2-33FB24E0FE45}.Release|Any CPU.ActiveCfg = Release|Any CPU
		{AB8D6C07-EE7D-44E3-A1B2-33FB24E0FE45}.Release|Any CPU.Build.0 = Release|Any CPU
	EndGlobalSection
	GlobalSection(SolutionProperties) = preSolution
		HideSolutionNode = FALSE
	EndGlobalSection
	GlobalSection(ExtensibilityGlobals) = postSolution
		SolutionGuid = {3BC191BB-382C-406C-A65D-65333DA665C9}
	EndGlobalSection
EndGlobal
